
Microsoft Visual Studio Solution File, Format Version 12.00
# Visual Studio Version 17
VisualStudioVersion = 17.0.31903.59
MinimumVisualStudioVersion = 10.0.40219.1
Project("{FAE04EC0-301F-11D3-BF4B-00C04F79EFBC}") = "StudentAutomation.Api", "StudentAutomation.Api\StudentAutomation.Api.csproj", "{ED320B12-EE4F-425E-B0CA-4DEFE4E88A05}"
EndProject
Project("{FAE04EC0-301F-11D3-BF4B-00C04F79EFBC}") = "StudentAutomation.Web", "StudentAutomation.Web\StudentAutomation.Web.csproj", "{D18DBCF5-9520-483C-88F7-F8E5C94D9C81}"
EndProject
Global
	GlobalSection(SolutionConfigurationPlatforms) = preSolution
		Debug|Any CPU = Debug|Any CPU
		Debug|x64 = Debug|x64
		Debug|x86 = Debug|x86
		Release|Any CPU = Release|Any CPU
		Release|x64 = Release|x64
		Release|x86 = Release|x86
	EndGlobalSection
	GlobalSection(ProjectConfigurationPlatforms) = postSolution
		{ED320B12-EE4F-425E-B0CA-4DEFE4E88A05}.Debug|Any CPU.ActiveCfg = Debug|Any CPU
		{ED320B12-EE4F-425E-B0CA-4DEFE4E88A05}.Debug|Any CPU.Build.0 = Debug|Any CPU
		{ED320B12-EE4F-425E-B0CA-4DEFE4E88A05}.Debug|x64.ActiveCfg = Debug|Any CPU
		{ED320B12-EE4F-425E-B0CA-4DEFE4E88A05}.Debug|x64.Build.0 = Debug|Any CPU
		{ED320B12-EE4F-425E-B0CA-4DEFE4E88A05}.Debug|x86.ActiveCfg = Debug|Any CPU
		{ED320B12-EE4F-425E-B0CA-4DEFE4E88A05}.Debug|x86.Build.0 = Debug|Any CPU
		{ED320B12-EE4F-425E-B0CA-4DEFE4E88A05}.Release|Any CPU.ActiveCfg = Release|Any CPU
		{ED320B12-EE4F-425E-B0CA-4DEFE4E88A05}.Release|Any CPU.Build.0 = Release|Any CPU
		{ED320B12-EE4F-425E-B0CA-4DEFE4E88A05}.Release|x64.ActiveCfg = Release|Any CPU
		{ED320B12-EE4F-425E-B0CA-4DEFE4E88A05}.Release|x64.Build.0 = Release|Any CPU
		{ED320B12-EE4F-425E-B0CA-4DEFE4E88A05}.Release|x86.ActiveCfg = Release|Any CPU
		{ED320B12-EE4F-425E-B0CA-4DEFE4E88A05}.Release|x86.Build.0 = Release|Any CPU
		{D18DBCF5-9520-483C-88F7-F8E5C94D9C81}.Debug|Any CPU.ActiveCfg = Debug|Any CPU
		{D18DBCF5-9520-483C-88F7-F8E5C94D9C81}.Debug|Any CPU.Build.0 = Debug|Any CPU
		{D18DBCF5-9520-483C-88F7-F8E5C94D9C81}.Debug|x64.ActiveCfg = Debug|Any CPU
		{D18DBCF5-9520-483C-88F7-F8E5C94D9C81}.Debug|x64.Build.0 = Debug|Any CPU
		{D18DBCF5-9520-483C-88F7-F8E5C94D9C81}.Debug|x86.ActiveCfg = Debug|Any CPU
		{D18DBCF5-9520-483C-88F7-F8E5C94D9C81}.Debug|x86.Build.0 = Debug|Any CPU
		{D18DBCF5-9520-483C-88F7-F8E5C94D9C81}.Release|Any CPU.ActiveCfg = Release|Any CPU
		{D18DBCF5-9520-483C-88F7-F8E5C94D9C81}.Release|Any CPU.Build.0 = Release|Any CPU
		{D18DBCF5-9520-483C-88F7-F8E5C94D9C81}.Release|x64.ActiveCfg = Release|Any CPU
		{D18DBCF5-9520-483C-88F7-F8E5C94D9C81}.Release|x64.Build.0 = Release|Any CPU
		{D18DBCF5-9520-483C-88F7-F8E5C94D9C81}.Release|x86.ActiveCfg = Release|Any CPU
		{D18DBCF5-9520-483C-88F7-F8E5C94D9C81}.Release|x86.Build.0 = Release|Any CPU
	EndGlobalSection
	GlobalSection(SolutionProperties) = preSolution
		HideSolutionNode = FALSE
	EndGlobalSection
EndGlobal
